github.com/GeertJohan/go.linenoise v0.0.0-20141120151038-1918ff89d613 h1:6icnpgpfaYbNFPvsZHrIPhUqNbubaeikWdpMdj40kp0=
github.com/GeertJohan/go.linenoise v0.0.0-20141120151038-1918ff89d613/go.mod h1:hjDAY2N/A6k4IInagcBqLG/q8SyECV6TDzEu5dY0Mwg=
github.com/mattn/go-isatty v0.0.20 h1:xfD0iDuEKnDkl03q4limB+vH+GxLEtL/jb4xVJSWWEY=
github.com/mattn/go-isatty v0.0.20/go.mod h1:W+V8PltTTMOvKvAeJH7IuucS94S2C6jfK/D7dTCTo3Y=
golang.org/x/sys v0.6.0/go.mod h1:oPkhp1MJrh7nUepCBck5+mAzfO9JrbApNNgaTdGDITg=
golang.org/x/sys v0.15.0 h1:h48lPFYpsTvQJZF4EKyI4aLHaev3CxivZmv7yZig9pc=
golang.org/x/sys v0.15.0/go.mod h1:/VUhepiaJMQUp4+oa/7Zr1D23ma6VTLIYjOOTFZPUcA=
